
Microsoft Visual Studio Solution File, Format Version 12.00
# Visual Studio Version 17
VisualStudioVersion = 17.11.35222.181
MinimumVisualStudioVersion = 10.0.40219.1
Project("{2150E333-8FDC-42A3-9474-1A3956D46DE8}") = "Task0", "Task0", "{57851409-91E6-42A2-BBEC-16C7FBEC0408}"
EndProject
Project("{9A19103F-16F7-4668-BE54-9A1E7A4F7556}") = "Tyuiu.FedorovaDA.Sprint1.Task0.V15", "Tyuiu.FedorovaDA.Sprint1.Task0.V15\Tyuiu.FedorovaDA.Sprint1.Task0.V15.csproj", "{819BCA44-0BC5-42A8-8554-12D11CC12FB9}"
EndProject
Project("{9A19103F-16F7-4668-BE54-9A1E7A4F7556}") = "Tyuiu.FedorovaDA.Sprint1.Task0.V15.Lib", "Tyuiu.FedorovaDA.Sprint1.Task0.V15.Lib\Tyuiu.FedorovaDA.Sprint1.Task0.V15.Lib.csproj", "{EB87E97A-C8CA-490D-A73C-084331CA985E}"
EndProject
Project("{9A19103F-16F7-4668-BE54-9A1E7A4F7556}") = "Tyuiu.FedorovaDA.Sprint1.Task0.V15.Test", "Tyuiu.FedorovaDA.Sprint1.Task0.V15.Test\Tyuiu.FedorovaDA.Sprint1.Task0.V15.Test.csproj", "{8AA868B5-9F2B-469E-8EAF-8D1AB374F505}"
EndProject
Project("{2150E333-8FDC-42A3-9474-1A3956D46DE8}") = "Task1", "Task1", "{0FF7CC81-F383-4B2E-B9BC-050E31CBEA67}"
EndProject
Project("{FAE04EC0-301F-11D3-BF4B-00C04F79EFBC}") = "Tyuiu.FedorovaDA.Sprint1.Task1.V21", "Tyuiu.FedorovaDA.Sprint1.Task1.V21\Tyuiu.FedorovaDA.Sprint1.Task1.V21.csproj", "{CE25A9F1-78FB-48E1-86D6-8F567A86CB38}"
EndProject
Project("{FAE04EC0-301F-11D3-BF4B-00C04F79EFBC}") = "Tyuiu.FedorovaDA.Sprint1.Task1.V21.Lib", "Tyuiu.FedorovaDA.Sprint1.Task1.V21.Lib\Tyuiu.FedorovaDA.Sprint1.Task1.V21.Lib.csproj", "{BE719A60-FD57-46F0-8784-A9D2EA0F04FC}"
EndProject
Project("{FAE04EC0-301F-11D3-BF4B-00C04F79EFBC}") = "Tyuiu.FedorovaDA.Sprint1.Task1.V21.Test", "Tyuiu.FedorovaDA.Sprint1.Task1.V21.Test\Tyuiu.FedorovaDA.Sprint1.Task1.V21.Test.csproj", "{44B5CC12-A2B5-4FC0-AF3F-419A792588E0}"
EndProject
Project("{2150E333-8FDC-42A3-9474-1A3956D46DE8}") = "Task2", "Task2", "{CE9FC65D-570C-4026-ACF0-8C91CE3BFD48}"
EndProject
Project("{FAE04EC0-301F-11D3-BF4B-00C04F79EFBC}") = "Tyuiu.FedorovaDA.Sprint1.Task2.V25", "Tyuiu.FedorovaDA.Sprint1.Task2.V25\Tyuiu.FedorovaDA.Sprint1.Task2.V25.csproj", "{D9420477-107E-457C-98A1-CFB83C48D101}"
EndProject
Project("{FAE04EC0-301F-11D3-BF4B-00C04F79EFBC}") = "Tyuiu.FedorovaDA.Sprint1.Task2.V25.Lib", "Tyuiu.FedorovaDA.Sprint1.Task2.V25.Lib\Tyuiu.FedorovaDA.Sprint1.Task2.V25.Lib.csproj", "{9DDAB5F7-B4A1-4195-8DF1-F610EFF1CBC8}"
EndProject
Project("{FAE04EC0-301F-11D3-BF4B-00C04F79EFBC}") = "Tyuiu.FedorovaDA.Sprint1.Task2.V25.Test", "Tyuiu.FedorovaDA.Sprint1.Task2.V25.Test\Tyuiu.FedorovaDA.Sprint1.Task2.V25.Test.csproj", "{0B8287C7-CECA-4FA5-B4A3-7C82C66FCACF}"
EndProject
Project("{2150E333-8FDC-42A3-9474-1A3956D46DE8}") = "Task3", "Task3", "{CFAB575C-2131-4578-93C3-062245C8BF2F}"
EndProject
Project("{FAE04EC0-301F-11D3-BF4B-00C04F79EFBC}") = "Tyuiu.FedorovaDA.Sprint1.Task3.V15", "Tyuiu.FedorovaDA.Sprint1.Task3.V15\Tyuiu.FedorovaDA.Sprint1.Task3.V15.csproj", "{724B5BE9-E5AE-41DB-8A95-83F6F3128799}"
EndProject
Project("{FAE04EC0-301F-11D3-BF4B-00C04F79EFBC}") = "Tyuiu.FedorovaDA.Sprint1.Task3.V15.Lib", "Tyuiu.FedorovaDA.Sprint1.Task3.V15.Lib\Tyuiu.FedorovaDA.Sprint1.Task3.V15.Lib.csproj", "{0EB709FD-93C5-4980-90E6-CA2D3131C170}"
EndProject
Project("{FAE04EC0-301F-11D3-BF4B-00C04F79EFBC}") = "Tyuiu.FedorovaDA.Sprint1.Task3.V15.Test", "Tyuiu.FedorovaDA.Sprint1.Task3.V15.Test\Tyuiu.FedorovaDA.Sprint1.Task3.V15.Test.csproj", "{E7D66D8B-7AE7-441F-ADC7-1C6268F7DD84}"
EndProject
Project("{2150E333-8FDC-42A3-9474-1A3956D46DE8}") = "Task4", "Task4", "{2B2BB5B4-9B8B-475B-B195-A2D6AE949B56}"
EndProject
Project("{FAE04EC0-301F-11D3-BF4B-00C04F79EFBC}") = "Tyuiu.FedorovaDA.Sprint1.Task4.V17", "Tyuiu.FedorovaDA.Sprint1.Task4.V17\Tyuiu.FedorovaDA.Sprint1.Task4.V17.csproj", "{CEF12A63-6F80-46DA-B563-24AA011A62B2}"
EndProject
Project("{FAE04EC0-301F-11D3-BF4B-00C04F79EFBC}") = "Tyuiu.FedorovaDA.Sprint1.Task4.V17.Lib", "Tyuiu.FedorovaDA.Sprint1.Task4.V17.Lib\Tyuiu.FedorovaDA.Sprint1.Task4.V17.Lib.csproj", "{0DD0485C-FCD3-4916-8F3C-434B7C4F55D3}"
EndProject
Project("{FAE04EC0-301F-11D3-BF4B-00C04F79EFBC}") = "Tyuiu.FedorovaDA.Sprint1.Task4.V17.Test", "Tyuiu.FedorovaDA.Sprint1.Task4.V17.Test\Tyuiu.FedorovaDA.Sprint1.Task4.V17.Test.csproj", "{63D84472-2FAB-4F44-B5B3-CC214A7867DA}"
EndProject
Global
	GlobalSection(SolutionConfigurationPlatforms) = preSolution
		Debug|Any CPU = Debug|Any CPU
		Release|Any CPU = Release|Any CPU
	EndGlobalSection
	GlobalSection(ProjectConfigurationPlatforms) = postSolution
		{819BCA44-0BC5-42A8-8554-12D11CC12FB9}.Debug|Any CPU.ActiveCfg = Debug|Any CPU
		{819BCA44-0BC5-42A8-8554-12D11CC12FB9}.Debug|Any CPU.Build.0 = Debug|Any CPU
		{819BCA44-0BC5-42A8-8554-12D11CC12FB9}.Release|Any CPU.ActiveCfg = Release|Any CPU
		{819BCA44-0BC5-42A8-8554-12D11CC12FB9}.Release|Any CPU.Build.0 = Release|Any CPU
		{EB87E97A-C8CA-490D-A73C-084331CA985E}.Debug|Any CPU.ActiveCfg = Debug|Any CPU
		{EB87E97A-C8CA-490D-A73C-084331CA985E}.Debug|Any CPU.Build.0 = Debug|Any CPU
		{EB87E97A-C8CA-490D-A73C-084331CA985E}.Release|Any CPU.ActiveCfg = Release|Any CPU
		{EB87E97A-C8CA-490D-A73C-084331CA985E}.Release|Any CPU.Build.0 = Release|Any CPU
		{8AA868B5-9F2B-469E-8EAF-8D1AB374F505}.Debug|Any CPU.ActiveCfg = Debug|Any CPU
		{8AA868B5-9F2B-469E-8EAF-8D1AB374F505}.Debug|Any CPU.Build.0 = Debug|Any CPU
		{8AA868B5-9F2B-469E-8EAF-8D1AB374F505}.Release|Any CPU.ActiveCfg = Release|Any CPU
		{8AA868B5-9F2B-469E-8EAF-8D1AB374F505}.Release|Any CPU.Build.0 = Release|Any CPU
		{CE25A9F1-78FB-48E1-86D6-8F567A86CB38}.Debug|Any CPU.ActiveCfg = Debug|Any CPU
		{CE25A9F1-78FB-48E1-86D6-8F567A86CB38}.Debug|Any CPU.Build.0 = Debug|Any CPU
		{CE25A9F1-78FB-48E1-86D6-8F567A86CB38}.Release|Any CPU.ActiveCfg = Release|Any CPU
		{CE25A9F1-78FB-48E1-86D6-8F567A86CB38}.Release|Any CPU.Build.0 = Release|Any CPU
		{BE719A60-FD57-46F0-8784-A9D2EA0F04FC}.Debug|Any CPU.ActiveCfg = Debug|Any CPU
		{BE719A60-FD57-46F0-8784-A9D2EA0F04FC}.Debug|Any CPU.Build.0 = Debug|Any CPU
		{BE719A60-FD57-46F0-8784-A9D2EA0F04FC}.Release|Any CPU.ActiveCfg = Release|Any CPU
		{BE719A60-FD57-46F0-8784-A9D2EA0F04FC}.Release|Any CPU.Build.0 = Release|Any CPU
		{44B5CC12-A2B5-4FC0-AF3F-419A792588E0}.Debug|Any CPU.ActiveCfg = Debug|Any CPU
		{44B5CC12-A2B5-4FC0-AF3F-419A792588E0}.Debug|Any CPU.Build.0 = Debug|Any CPU
		{44B5CC12-A2B5-4FC0-AF3F-419A792588E0}.Release|Any CPU.ActiveCfg = Release|Any CPU
		{44B5CC12-A2B5-4FC0-AF3F-419A792588E0}.Release|Any CPU.Build.0 = Release|Any CPU
		{D9420477-107E-457C-98A1-CFB83C48D101}.Debug|Any CPU.ActiveCfg = Debug|Any CPU
		{D9420477-107E-457C-98A1-CFB83C48D101}.Debug|Any CPU.Build.0 = Debug|Any CPU
		{D9420477-107E-457C-98A1-CFB83C48D101}.Release|Any CPU.ActiveCfg = Release|Any CPU
		{D9420477-107E-457C-98A1-CFB83C48D101}.Release|Any CPU.Build.0 = Release|Any CPU
		{9DDAB5F7-B4A1-4195-8DF1-F610EFF1CBC8}.Debug|Any CPU.ActiveCfg = Debug|Any CPU
		{9DDAB5F7-B4A1-4195-8DF1-F610EFF1CBC8}.Debug|Any CPU.Build.0 = Debug|Any CPU
		{9DDAB5F7-B4A1-4195-8DF1-F610EFF1CBC8}.Release|Any CPU.ActiveCfg = Release|Any CPU
		{9DDAB5F7-B4A1-4195-8DF1-F610EFF1CBC8}.Release|Any CPU.Build.0 = Release|Any CPU
		{0B8287C7-CECA-4FA5-B4A3-7C82C66FCACF}.Debug|Any CPU.ActiveCfg = Debug|Any CPU
		{0B8287C7-CECA-4FA5-B4A3-7C82C66FCACF}.Debug|Any CPU.Build.0 = Debug|Any CPU
		{0B8287C7-CECA-4FA5-B4A3-7C82C66FCACF}.Release|Any CPU.ActiveCfg = Release|Any CPU
		{0B8287C7-CECA-4FA5-B4A3-7C82C66FCACF}.Release|Any CPU.Build.0 = Release|Any CPU
		{724B5BE9-E5AE-41DB-8A95-83F6F3128799}.Debug|Any CPU.ActiveCfg = Debug|Any CPU
		{724B5BE9-E5AE-41DB-8A95-83F6F3128799}.Debug|Any CPU.Build.0 = Debug|Any CPU
		{724B5BE9-E5AE-41DB-8A95-83F6F3128799}.Release|Any CPU.ActiveCfg = Release|Any CPU
		{724B5BE9-E5AE-41DB-8A95-83F6F3128799}.Release|Any CPU.Build.0 = Release|Any CPU
		{0EB709FD-93C5-4980-90E6-CA2D3131C170}.Debug|Any CPU.ActiveCfg = Debug|Any CPU
		{0EB709FD-93C5-4980-90E6-CA2D3131C170}.Debug|Any CPU.Build.0 = Debug|Any CPU
		{0EB709FD-93C5-4980-90E6-CA2D3131C170}.Release|Any CPU.ActiveCfg = Release|Any CPU
		{0EB709FD-93C5-4980-90E6-CA2D3131C170}.Release|Any CPU.Build.0 = Release|Any CPU
		{E7D66D8B-7AE7-441F-ADC7-1C6268F7DD84}.Debug|Any CPU.ActiveCfg = Debug|Any CPU
		{E7D66D8B-7AE7-441F-ADC7-1C6268F7DD84}.Debug|Any CPU.Build.0 = Debug|Any CPU
		{E7D66D8B-7AE7-441F-ADC7-1C6268F7DD84}.Release|Any CPU.ActiveCfg = Release|Any CPU
		{E7D66D8B-7AE7-441F-ADC7-1C6268F7DD84}.Release|Any CPU.Build.0 = Release|Any CPU
		{CEF12A63-6F80-46DA-B563-24AA011A62B2}.Debug|Any CPU.ActiveCfg = Debug|Any CPU
		{CEF12A63-6F80-46DA-B563-24AA011A62B2}.Debug|Any CPU.Build.0 = Debug|Any CPU
		{CEF12A63-6F80-46DA-B563-24AA011A62B2}.Release|Any CPU.ActiveCfg = Release|Any CPU
		{CEF12A63-6F80-46DA-B563-24AA011A62B2}.Release|Any CPU.Build.0 = Release|Any CPU
		{0DD0485C-FCD3-4916-8F3C-434B7C4F55D3}.Debug|Any CPU.ActiveCfg = Debug|Any CPU
		{0DD0485C-FCD3-4916-8F3C-434B7C4F55D3}.Debug|Any CPU.Build.0 = Debug|Any CPU
		{0DD0485C-FCD3-4916-8F3C-434B7C4F55D3}.Release|Any CPU.ActiveCfg = Release|Any CPU
		{0DD0485C-FCD3-4916-8F3C-434B7C4F55D3}.Release|Any CPU.Build.0 = Release|Any CPU
		{63D84472-2FAB-4F44-B5B3-CC214A7867DA}.Debug|Any CPU.ActiveCfg = Debug|Any CPU
		{63D84472-2FAB-4F44-B5B3-CC214A7867DA}.Debug|Any CPU.Build.0 = Debug|Any CPU
		{63D84472-2FAB-4F44-B5B3-CC214A7867DA}.Release|Any CPU.ActiveCfg = Release|Any CPU
		{63D84472-2FAB-4F44-B5B3-CC214A7867DA}.Release|Any CPU.Build.0 = Release|Any CPU
	EndGlobalSection
	GlobalSection(SolutionProperties) = preSolution
		HideSolutionNode = FALSE
	EndGlobalSection
	GlobalSection(NestedProjects) = preSolution
		{819BCA44-0BC5-42A8-8554-12D11CC12FB9} = {57851409-91E6-42A2-BBEC-16C7FBEC0408}
		{EB87E97A-C8CA-490D-A73C-084331CA985E} = {57851409-91E6-42A2-BBEC-16C7FBEC0408}
		{8AA868B5-9F2B-469E-8EAF-8D1AB374F505} = {57851409-91E6-42A2-BBEC-16C7FBEC0408}
		{CE25A9F1-78FB-48E1-86D6-8F567A86CB38} = {0FF7CC81-F383-4B2E-B9BC-050E31CBEA67}
		{BE719A60-FD57-46F0-8784-A9D2EA0F04FC} = {0FF7CC81-F383-4B2E-B9BC-050E31CBEA67}
		{44B5CC12-A2B5-4FC0-AF3F-419A792588E0} = {0FF7CC81-F383-4B2E-B9BC-050E31CBEA67}
		{D9420477-107E-457C-98A1-CFB83C48D101} = {CE9FC65D-570C-4026-ACF0-8C91CE3BFD48}
		{9DDAB5F7-B4A1-4195-8DF1-F610EFF1CBC8} = {CE9FC65D-570C-4026-ACF0-8C91CE3BFD48}
		{0B8287C7-CECA-4FA5-B4A3-7C82C66FCACF} = {CE9FC65D-570C-4026-ACF0-8C91CE3BFD48}
		{724B5BE9-E5AE-41DB-8A95-83F6F3128799} = {CFAB575C-2131-4578-93C3-062245C8BF2F}
		{0EB709FD-93C5-4980-90E6-CA2D3131C170} = {CFAB575C-2131-4578-93C3-062245C8BF2F}
		{E7D66D8B-7AE7-441F-ADC7-1C6268F7DD84} = {CFAB575C-2131-4578-93C3-062245C8BF2F}
		{CEF12A63-6F80-46DA-B563-24AA011A62B2} = {2B2BB5B4-9B8B-475B-B195-A2D6AE949B56}
		{0DD0485C-FCD3-4916-8F3C-434B7C4F55D3} = {2B2BB5B4-9B8B-475B-B195-A2D6AE949B56}
		{63D84472-2FAB-4F44-B5B3-CC214A7867DA} = {2B2BB5B4-9B8B-475B-B195-A2D6AE949B56}
	EndGlobalSection
	GlobalSection(ExtensibilityGlobals) = postSolution
		SolutionGuid = {0EAB618F-077C-4462-8ADF-4994C250B169}
	EndGlobalSection
EndGlobal
